// !$*UTF8*$!
{
	archiveVersion = 1;
	classes = {
	};
	objectVersion = 46;
	objects = {

/* Begin PBXBuildFile section */
		08A2337B1C574C9B00C197B0 /* AppDelegate.swift in Sources */ = {isa = PBXBuildFile; fileRef = 08A2337A1C574C9B00C197B0 /* AppDelegate.swift */; };
		08A2337D1C574C9B00C197B0 /* ViewController.swift in Sources */ = {isa = PBXBuildFile; fileRef = 08A2337C1C574C9B00C197B0 /* ViewController.swift */; };
		08A233801C574C9B00C197B0 /* Main.storyboard in Resources */ = {isa = PBXBuildFile; fileRef = 08A2337E1C574C9B00C197B0 /* Main.storyboard */; };
		08A233831C574C9B00C197B0 /* ExchangeAGram.xcdatamodeld in Sources */ = {isa = PBXBuildFile; fileRef = 08A233811C574C9B00C197B0 /* ExchangeAGram.xcdatamodeld */; };
		08A233851C574C9B00C197B0 /* Assets.xcassets in Resources */ = {isa = PBXBuildFile; fileRef = 08A233841C574C9B00C197B0 /* Assets.xcassets */; };
		08A233881C574C9B00C197B0 /* LaunchScreen.storyboard in Resources */ = {isa = PBXBuildFile; fileRef = 08A233861C574C9B00C197B0 /* LaunchScreen.storyboard */; };
		08A233931C574C9B00C197B0 /* ExchangeAGramTests.swift in Sources */ = {isa = PBXBuildFile; fileRef = 08A233921C574C9B00C197B0 /* ExchangeAGramTests.swift */; };
		08A2339E1C574C9B00C197B0 /* ExchangeAGramUITests.swift in Sources */ = {isa = PBXBuildFile; fileRef = 08A2339D1C574C9B00C197B0 /* ExchangeAGramUITests.swift */; };
/* End PBXBuildFile section */

/* Begin PBXContainerItemProxy section */
		08A2338F1C574C9B00C197B0 /* PBXContainerItemProxy */ = {
			isa = PBXContainerItemProxy;
			containerPortal = 08A2336F1C574C9B00C197B0 /* Project object */;
			proxyType = 1;
			remoteGlobalIDString = 08A233761C574C9B00C197B0;
			remoteInfo = ExchangeAGram;
		};
		08A2339A1C574C9B00C197B0 /* PBXContainerItemProxy */ = {
			isa = PBXContainerItemProxy;
			containerPortal = 08A2336F1C574C9B00C197B0 /* Project object */;
			proxyType = 1;
			remoteGlobalIDString = 08A233761C574C9B00C197B0;
			remoteInfo = ExchangeAGram;
		};
/* End PBXContainerItemProxy section */

/* Begin PBXFileReference section */
		08A233771C574C9B00C197B0 /* ExchangeAGram.app */ = {isa = PBXFileReference; explicitFileType = wrapper.application; includeInIndex = 0; path = ExchangeAGram.app; sourceTree = BUILT_PRODUCTS_DIR; };
		08A2337A1C574C9B00C197B0 /* AppDelegate.swift */ = {isa = PBXFileReference; lastKnownFileType = sourcecode.swift; path = AppDelegate.swift; sourceTree = "<group>"; };
		08A2337C1C574C9B00C197B0 /* ViewController.swift */ = {isa = PBXFileReference; lastKnownFileType = sourcecode.swift; path = ViewController.swift; sourceTree = "<group>"; };
		08A2337F1C574C9B00C197B0 /* Base */ = {isa = PBXFileReference; lastKnownFileType = file.storyboard; name = Base; path = Base.lproj/Main.storyboard; sourceTree = "<group>"; };
		08A233821C574C9B00C197B0 /* ExchangeAGram.xcdatamodel */ = {isa = PBXFileReference; lastKnownFileType = wrapper.xcdatamodel; path = ExchangeAGram.xcdatamodel; sourceTree = "<group>"; };
		08A233841C574C9B00C197B0 /* Assets.xcassets */ = {isa = PBXFileReference; lastKnownFileType = folder.assetcatalog; path = Assets.xcassets; sourceTree = "<group>"; };
		08A233871C574C9B00C197B0 /* Base */ = {isa = PBXFileReference; lastKnownFileType = file.storyboard; name = Base; path = Base.lproj/LaunchScreen.storyboard; sourceTree = "<group>"; };
		08A233891C574C9B00C197B0 /* Info.plist */ = {isa = PBXFileReference; lastKnownFileType = text.plist.xml; path = Info.plist; sourceTree = "<group>"; };
		08A2338E1C574C9B00C197B0 /* ExchangeAGramTests.xctest */ = {isa = PBXFileReference; explicitFileType = wrapper.cfbundle; includeInIndex = 0; path = ExchangeAGramTests.xctest; sourceTree = BUILT_PRODUCTS_DIR; };
		08A233921C574C9B00C197B0 /* ExchangeAGramTests.swift */ = {isa = PBXFileReference; lastKnownFileType = sourcecode.swift; path = ExchangeAGramTests.swift; sourceTree = "<group>"; };
		08A233941C574C9B00C197B0 /* Info.plist */ = {isa = PBXFileReference; lastKnownFileType = text.plist.xml; path = Info.plist; sourceTree = "<group>"; };
		08A233991C574C9B00C197B0 /* ExchangeAGramUITests.xctest */ = {isa = PBXFileReference; explicitFileType = wrapper.cfbundle; includeInIndex = 0; path = ExchangeAGramUITests.xctest; sourceTree = BUILT_PRODUCTS_DIR; };
		08A2339D1C574C9B00C197B0 /* ExchangeAGramUITests.swift */ = {isa = PBXFileReference; lastKnownFileType = sourcecode.swift; path = ExchangeAGramUITests.swift; sourceTree = "<group>"; };
		08A2339F1C574C9B00C197B0 /* Info.plist */ = {isa = PBXFileReference; lastKnownFileType = text.plist.xml; path = Info.plist; sourceTree = "<group>"; };
/* End PBXFileReference section */

/* Begin PBXFrameworksBuildPhase section */
		08A233741C574C9B00C197B0 /* Frameworks */ = {
			isa = PBXFrameworksBuildPhase;
			buildActionMask = 2147483647;
			files = (
			);
			runOnlyForDeploymentPostprocessing = 0;
		};
		08A2338B1C574C9B00C197B0 /* Frameworks */ = {
			isa = PBXFrameworksBuildPhase;
			buildActionMask = 2147483647;
			files = (
			);
			runOnlyForDeploymentPostprocessing = 0;
		};
		08A233961C574C9B00C197B0 /* Frameworks */ = {
			isa = PBXFrameworksBuildPhase;
			buildActionMask = 2147483647;
			files = (
			);
			runOnlyForDeploymentPostprocessing = 0;
		};
/* End PBXFrameworksBuildPhase section */

/* Begin PBXGroup section */
		08A2336E1C574C9B00C197B0 = {
			isa = PBXGroup;
			children = (
				08A233791C574C9B00C197B0 /* ExchangeAGram */,
				08A233911C574C9B00C197B0 /* ExchangeAGramTests */,
				08A2339C1C574C9B00C197B0 /* ExchangeAGramUITests */,
				08A233781C574C9B00C197B0 /* Products */,
			);
			sourceTree = "<group>";
		};
		08A233781C574C9B00C197B0 /* Products */ = {
			isa = PBXGroup;
			children = (
				08A233771C574C9B00C197B0 /* ExchangeAGram.app */,
				08A2338E1C574C9B00C197B0 /* ExchangeAGramTests.xctest */,
				08A233991C574C9B00C197B0 /* ExchangeAGramUITests.xctest */,
			);
			name = Products;
			sourceTree = "<group>";
		};
		08A233791C574C9B00C197B0 /* ExchangeAGram */ = {
			isa = PBXGroup;
			children = (
				08A2337A1C574C9B00C197B0 /* AppDelegate.swift */,
				08A2337C1C574C9B00C197B0 /* ViewController.swift */,
				08A2337E1C574C9B00C197B0 /* Main.storyboard */,
				08A233841C574C9B00C197B0 /* Assets.xcassets */,
				08A233861C574C9B00C197B0 /* LaunchScreen.storyboard */,
				08A233891C574C9B00C197B0 /* Info.plist */,
				08A233811C574C9B00C197B0 /* ExchangeAGram.xcdatamodeld */,
			);
			path = ExchangeAGram;
			sourceTree = "<group>";
		};
		08A233911C574C9B00C197B0 /* ExchangeAGramTests */ = {
			isa = PBXGroup;
			children = (
				08A233921C574C9B00C197B0 /* ExchangeAGramTests.swift */,
				08A233941C574C9B00C197B0 /* Info.plist */,
			);
			path = ExchangeAGramTests;
			sourceTree = "<group>";
		};
		08A2339C1C574C9B00C197B0 /* ExchangeAGramUITests */ = {
			isa = PBXGroup;
			children = (
				08A2339D1C574C9B00C197B0 /* ExchangeAGramUITests.swift */,
				08A2339F1C574C9B00C197B0 /* Info.plist */,
			);
			path = ExchangeAGramUITests;
			sourceTree = "<group>";
		};
/* End PBXGroup section */

/* Begin PBXNativeTarget section */
		08A233761C574C9B00C197B0 /* ExchangeAGram */ = {
			isa = PBXNativeTarget;
			buildConfigurationList = 08A233A21C574C9B00C197B0 /* Build configuration list for PBXNativeTarget "ExchangeAGram" */;
			buildPhases = (
				08A233731C574C9B00C197B0 /* Sources */,
				08A233741C574C9B00C197B0 /* Frameworks */,
				08A233751C574C9B00C197B0 /* Resources */,
			);
			buildRules = (
			);
			dependencies = (
			);
			name = ExchangeAGram;
			productName = ExchangeAGram;
			productReference = 08A233771C574C9B00C197B0 /* ExchangeAGram.app */;
			productType = "com.apple.product-type.application";
		};
		08A2338D1C574C9B00C197B0 /* ExchangeAGramTests */ = {
			isa = PBXNativeTarget;
			buildConfigurationList = 08A233A51C574C9B00C197B0 /* Build configuration list for PBXNativeTarget "ExchangeAGramTests" */;
			buildPhases = (
				08A2338A1C574C9B00C197B0 /* Sources */,
				08A2338B1C574C9B00C197B0 /* Frameworks */,
				08A2338C1C574C9B00C197B0 /* Resources */,
			);
			buildRules = (
			);
			dependencies = (
				08A233901C574C9B00C197B0 /* PBXTargetDependency */,
			);
			name = ExchangeAGramTests;
			productName = ExchangeAGramTests;
			productReference = 08A2338E1C574C9B00C197B0 /* ExchangeAGramTests.xctest */;
			productType = "com.apple.product-type.bundle.unit-test";
		};
		08A233981C574C9B00C197B0 /* ExchangeAGramUITests */ = {
			isa = PBXNativeTarget;
			buildConfigurationList = 08A233A81C574C9B00C197B0 /* Build configuration list for PBXNativeTarget "ExchangeAGramUITests" */;
			buildPhases = (
				08A233951C574C9B00C197B0 /* Sources */,
				08A233961C574C9B00C197B0 /* Frameworks */,
				08A233971C574C9B00C197B0 /* Resources */,
			);
			buildRules = (
			);
			dependencies = (
				08A2339B1C574C9B00C197B0 /* PBXTargetDependency */,
			);
			name = ExchangeAGramUITests;
			productName = ExchangeAGramUITests;
			productReference = 08A233991C574C9B00C197B0 /* ExchangeAGramUITests.xctest */;
			productType = "com.apple.product-type.bundle.ui-testing";
		};
/* End PBXNativeTarget section */

/* Begin PBXProject section */
		08A2336F1C574C9B00C197B0 /* Project object */ = {
			isa = PBXProject;
			attributes = {
				LastSwiftUpdateCheck = 0720;
				LastUpgradeCheck = 0720;
				ORGANIZATIONNAME = "TREVOR E GRIFFIN";
				TargetAttributes = {
					08A233761C574C9B00C197B0 = {
						CreatedOnToolsVersion = 7.2;
					};
					08A2338D1C574C9B00C197B0 = {
						CreatedOnToolsVersion = 7.2;
						TestTargetID = 08A233761C574C9B00C197B0;
					};
					08A233981C574C9B00C197B0 = {
						CreatedOnToolsVersion = 7.2;
						TestTargetID = 08A233761C574C9B00C197B0;
					};
				};
			};
			buildConfigurationList = 08A233721C574C9B00C197B0 /* Build configuration list for PBXProject "ExchangeAGram" */;
			compatibilityVersion = "Xcode 3.2";
			developmentRegion = English;
			hasScannedForEncodings = 0;
			knownRegions = (
				en,
				Base,
			);
			mainGroup = 08A2336E1C574C9B00C197B0;
			productRefGroup = 08A233781C574C9B00C197B0 /* Products */;
			projectDirPath = "";
			projectRoot = "";
			targets = (
				08A233761C574C9B00C197B0 /* ExchangeAGram */,
				08A2338D1C574C9B00C197B0 /* ExchangeAGramTests */,
				08A233981C574C9B00C197B0 /* ExchangeAGramUITests */,
			);
		};
/* End PBXProject section */

/* Begin PBXResourcesBuildPhase section */
		08A233751C574C9B00C197B0 /* Resources */ = {
			isa = PBXResourcesBuildPhase;
			buildActionMask = 2147483647;
			files = (
				08A233881C574C9B00C197B0 /* LaunchScreen.storyboard in Resources */,
				08A233851C574C9B00C197B0 /* Assets.xcassets in Resources */,
				08A233801C574C9B00C197B0 /* Main.storyboard in Resources */,
			);
			runOnlyForDeploymentPostprocessing = 0;
		};
		08A2338C1C574C9B00C197B0 /* Resources */ = {
			isa = PBXResourcesBuildPhase;
			buildActionMask = 2147483647;
			files = (
			);
			runOnlyForDeploymentPostprocessing = 0;
		};
		08A233971C574C9B00C197B0 /* Resources */ = {
			isa = PBXResourcesBuildPhase;
			buildActionMask = 2147483647;
			files = (
			);
			runOnlyForDeploymentPostprocessing = 0;
		};
/* End PBXResourcesBuildPhase section */

/* Begin PBXSourcesBuildPhase section */
		08A233731C574C9B00C197B0 /* Sources */ = {
			isa = PBXSourcesBuildPhase;
			buildActionMask = 2147483647;
			files = (
				08A233831C574C9B00C197B0 /* ExchangeAGram.xcdatamodeld in Sources */,
				08A2337D1C574C9B00C197B0 /* ViewController.swift in Sources */,
				08A2337B1C574C9B00C197B0 /* AppDelegate.swift in Sources */,
			);
			runOnlyForDeploymentPostprocessing = 0;
		};
		08A2338A1C574C9B00C197B0 /* Sources */ = {
			isa = PBXSourcesBuildPhase;
			buildActionMask = 2147483647;
			files = (
				08A233931C574C9B00C197B0 /* ExchangeAGramTests.swift in Sources */,
			);
			runOnlyForDeploymentPostprocessing = 0;
		};
		08A233951C574C9B00C197B0 /* Sources */ = {
			isa = PBXSourcesBuildPhase;
			buildActionMask = 2147483647;
			files = (
				08A2339E1C574C9B00C197B0 /* ExchangeAGramUITests.swift in Sources */,
			);
			runOnlyForDeploymentPostprocessing = 0;
		};
/* End PBXSourcesBuildPhase section */

/* Begin PBXTargetDependency section */
		08A233901C574C9B00C197B0 /* PBXTargetDependency */ = {
			isa = PBXTargetDependency;
			target = 08A233761C574C9B00C197B0 /* ExchangeAGram */;
			targetProxy = 08A2338F1C574C9B00C197B0 /* PBXContainerItemProxy */;
		};
		08A2339B1C574C9B00C197B0 /* PBXTargetDependency */ = {
			isa = PBXTargetDependency;
			target = 08A233761C574C9B00C197B0 /* ExchangeAGram */;
			targetProxy = 08A2339A1C574C9B00C197B0 /* PBXContainerItemProxy */;
		};
/* End PBXTargetDependency section */

/* Begin PBXVariantGroup section */
		08A2337E1C574C9B00C197B0 /* Main.storyboard */ = {
			isa = PBXVariantGroup;
			children = (
				08A2337F1C574C9B00C197B0 /* Base */,
			);
			name = Main.storyboard;
			sourceTree = "<group>";
		};
		08A233861C574C9B00C197B0 /* LaunchScreen.storyboard */ = {
			isa = PBXVariantGroup;
			children = (
				08A233871C574C9B00C197B0 /* Base */,
			);
			name = LaunchScreen.storyboard;
			sourceTree = "<group>";
		};
/* End PBXVariantGroup section */

/* Begin XCBuildConfiguration section */
		08A233A01C574C9B00C197B0 /* Debug */ = {
			isa = XCBuildConfiguration;
			buildSettings = {
				ALWAYS_SEARCH_USER_PATHS = NO;
				CLANG_CXX_LANGUAGE_STANDARD = "gnu++0x";
				CLANG_CXX_LIBRARY = "libc++";
				CLANG_ENABLE_MODULES = YES;
				CLANG_ENABLE_OBJC_ARC = YES;
				CLANG_WARN_BOOL_CONVERSION = YES;
				CLANG_WARN_CONSTANT_CONVERSION = YES;
				CLANG_WARN_DIRECT_OBJC_ISA_USAGE = YES_ERROR;
				CLANG_WARN_EMPTY_BODY = YES;
				CLANG_WARN_ENUM_CONVERSION = YES;
				CLANG_WARN_INT_CONVERSION = YES;
				CLANG_WARN_OBJC_ROOT_CLASS = YES_ERROR;
				CLANG_WARN_UNREACHABLE_CODE = YES;
				CLANG_WARN__DUPLICATE_METHOD_MATCH = YES;
				"CODE_SIGN_IDENTITY[sdk=iphoneos*]" = "iPhone Developer";
				COPY_PHASE_STRIP = NO;
				DEBUG_INFORMATION_FORMAT = dwarf;
				ENABLE_STRICT_OBJC_MSGSEND = YES;
				ENABLE_TESTABILITY = YES;
				GCC_C_LANGUAGE_STANDARD = gnu99;
				GCC_DYNAMIC_NO_PIC = NO;
				GCC_NO_COMMON_BLOCKS = YES;
				GCC_OPTIMIZATION_LEVEL = 0;
				GCC_PREPROCESSOR_DEFINITIONS = (
					"DEBUG=1",
					"$(inherited)",
				);
				GCC_WARN_64_TO_32_BIT_CONVERSION = YES;
				GCC_WARN_ABOUT_RETURN_TYPE = YES_ERROR;
				GCC_WARN_UNDECLARED_SELECTOR = YES;
				GCC_WARN_UNINITIALIZED_AUTOS = YES_AGGRESSIVE;
				GCC_WARN_UNUSED_FUNCTION = YES;
				GCC_WARN_UNUSED_VARIABLE = YES;
				IPHONEOS_DEPLOYMENT_TARGET = 9.2;
				MTL_ENABLE_DEBUG_INFO = YES;
				ONLY_ACTIVE_ARCH = YES;
				SDKROOT = iphoneos;
				SWIFT_OPTIMIZATION_LEVEL = "-Onone";
				TARGETED_DEVICE_FAMILY = "1,2";
			};
			name = Debug;
		};
		08A233A11C574C9B00C197B0 /* Release */ = {
			isa = XCBuildConfiguration;
			buildSettings = {
				ALWAYS_SEARCH_USER_PATHS = NO;
				CLANG_CXX_LANGUAGE_STANDARD = "gnu++0x";
				CLANG_CXX_LIBRARY = "libc++";
				CLANG_ENABLE_MODULES = YES;
				CLANG_ENABLE_OBJC_ARC = YES;
				CLANG_WARN_BOOL_CONVERSION = YES;
				CLANG_WARN_CONSTANT_CONVERSION = YES;
				CLANG_WARN_DIRECT_OBJC_ISA_USAGE = YES_ERROR;
				CLANG_WARN_EMPTY_BODY = YES;
				CLANG_WARN_ENUM_CONVERSION = YES;
				CLANG_WARN_INT_CONVERSION = YES;
				CLANG_WARN_OBJC_ROOT_CLASS = YES_ERROR;
				CLANG_WARN_UNREACHABLE_CODE = YES;
				CLANG_WARN__DUPLICATE_METHOD_MATCH = YES;
				"CODE_SIGN_IDENTITY[sdk=iphoneos*]" = "iPhone Developer";
				COPY_PHASE_STRIP = NO;
				DEBUG_INFORMATION_FORMAT = "dwarf-with-dsym";
				ENABLE_NS_ASSERTIONS = NO;
				ENABLE_STRICT_OBJC_MSGSEND = YES;
				GCC_C_LANGUAGE_STANDARD = gnu99;
				GCC_NO_COMMON_BLOCKS = YES;
				GCC_WARN_64_TO_32_BIT_CONVERSION = YES;
				GCC_WARN_ABOUT_RETURN_TYPE = YES_ERROR;
				GCC_WARN_UNDECLARED_SELECTOR = YES;
				GCC_WARN_UNINITIALIZED_AUTOS = YES_AGGRESSIVE;
				GCC_WARN_UNUSED_FUNCTION = YES;
				GCC_WARN_UNUSED_VARIABLE = YES;
				IPHONEOS_DEPLOYMENT_TARGET = 9.2;
				MTL_ENABLE_DEBUG_INFO = NO;
				SDKROOT = iphoneos;
				TARGETED_DEVICE_FAMILY = "1,2";
				VALIDATE_PRODUCT = YES;
			};
			name = Release;
		};
		08A233A31C574C9B00C197B0 /* Debug */ = {
			isa = XCBuildConfiguration;
			buildSettings = {
				ASSETCATALOG_COMPILER_APPICON_NAME = AppIcon;
				INFOPLIST_FILE = ExchangeAGram/Info.plist;
				LD_RUNPATH_SEARCH_PATHS = "$(inherited) @executable_path/Frameworks";
				PRODUCT_BUNDLE_IDENTIFIER = self.edu.trevoregriffin.ExchangeAGram;
				PRODUCT_NAME = "$(TARGET_NAME)";
			};
			name = Debug;
		};
		08A233A41C574C9B00C197B0 /* Release */ = {
			isa = XCBuildConfiguration;
			buildSettings = {
				ASSETCATALOG_COMPILER_APPICON_NAME = AppIcon;
				INFOPLIST_FILE = ExchangeAGram/Info.plist;
				LD_RUNPATH_SEARCH_PATHS = "$(inherited) @executable_path/Frameworks";
				PRODUCT_BUNDLE_IDENTIFIER = self.edu.trevoregriffin.ExchangeAGram;
				PRODUCT_NAME = "$(TARGET_NAME)";
			};
			name = Release;
		};
		08A233A61C574C9B00C197B0 /* Debug */ = {
			isa = XCBuildConfiguration;
			buildSettings = {
				BUNDLE_LOADER = "$(TEST_HOST)";
				INFOPLIST_FILE = ExchangeAGramTests/Info.plist;
				LD_RUNPATH_SEARCH_PATHS = "$(inherited) @executable_path/Frameworks @loader_path/Frameworks";
				PRODUCT_BUNDLE_IDENTIFIER = self.edu.trevoregriffin.ExchangeAGramTests;
				PRODUCT_NAME = "$(TARGET_NAME)";
				TEST_HOST = "$(BUILT_PRODUCTS_DIR)/ExchangeAGram.app/ExchangeAGram";
			};
			name = Debug;
		};
		08A233A71C574C9B00C197B0 /* Release */ = {
			isa = XCBuildConfiguration;
			buildSettings = {
				BUNDLE_LOADER = "$(TEST_HOST)";
				INFOPLIST_FILE = ExchangeAGramTests/Info.plist;
				LD_RUNPATH_SEARCH_PATHS = "$(inherited) @executable_path/Frameworks @loader_path/Frameworks";
				PRODUCT_BUNDLE_IDENTIFIER = self.edu.trevoregriffin.ExchangeAGramTests;
				PRODUCT_NAME = "$(TARGET_NAME)";
				TEST_HOST = "$(BUILT_PRODUCTS_DIR)/ExchangeAGram.app/ExchangeAGram";
			};
			name = Release;
		};
		08A233A91C574C9B00C197B0 /* Debug */ = {
			isa = XCBuildConfiguration;
			buildSettings = {
				INFOPLIST_FILE = ExchangeAGramUITests/Info.plist;
				LD_RUNPATH_SEARCH_PATHS = "$(inherited) @executable_path/Frameworks @loader_path/Frameworks";
				PRODUCT_BUNDLE_IDENTIFIER = self.edu.trevoregriffin.ExchangeAGramUITests;
				PRODUCT_NAME = "$(TARGET_NAME)";
				TEST_TARGET_NAME = ExchangeAGram;
				USES_XCTRUNNER = YES;
			};
			name = Debug;
		};
		08A233AA1C574C9B00C197B0 /* Release */ = {
			isa = XCBuildConfiguration;
			buildSettings = {
				INFOPLIST_FILE = ExchangeAGramUITests/Info.plist;
				LD_RUNPATH_SEARCH_PATHS = "$(inherited) @executable_path/Frameworks @loader_path/Frameworks";
				PRODUCT_BUNDLE_IDENTIFIER = self.edu.trevoregriffin.ExchangeAGramUITests;
				PRODUCT_NAME = "$(TARGET_NAME)";
				TEST_TARGET_NAME = ExchangeAGram;
				USES_XCTRUNNER = YES;
			};
			name = Release;
		};
/* End XCBuildConfiguration section */

/* Begin XCConfigurationList section */
		08A233721C574C9B00C197B0 /* Build configuration list for PBXProject "ExchangeAGram" */ = {
			isa = XCConfigurationList;
			buildConfigurations = (
				08A233A01C574C9B00C197B0 /* Debug */,
				08A233A11C574C9B00C197B0 /* Release */,
			);
			defaultConfigurationIsVisible = 0;
			defaultConfigurationName = Release;
		};
		08A233A21C574C9B00C197B0 /* Build configuration list for PBXNativeTarget "ExchangeAGram" */ = {
			isa = XCConfigurationList;
			buildConfigurations = (
				08A233A31C574C9B00C197B0 /* Debug */,
				08A233A41C574C9B00C197B0 /* Release */,
			);
			defaultConfigurationIsVisible = 0;
		};
		08A233A51C574C9B00C197B0 /* Build configuration list for PBXNativeTarget "ExchangeAGramTests" */ = {
			isa = XCConfigurationList;
			buildConfigurations = (
				08A233A61C574C9B00C197B0 /* Debug */,
				08A233A71C574C9B00C197B0 /* Release */,
			);
			defaultConfigurationIsVisible = 0;
		};
		08A233A81C574C9B00C197B0 /* Build configuration list for PBXNativeTarget "ExchangeAGramUITests" */ = {
			isa = XCConfigurationList;
			buildConfigurations = (
				08A233A91C574C9B00C197B0 /* Debug */,
				08A233AA1C574C9B00C197B0 /* Release */,
			);
			defaultConfigurationIsVisible = 0;
		};
/* End XCConfigurationList section */

/* Begin XCVersionGroup section */
		08A233811C574C9B00C197B0 /* ExchangeAGram.xcdatamodeld */ = {
			isa = XCVersionGroup;
			children = (
				08A233821C574C9B00C197B0 /* ExchangeAGram.xcdatamodel */,
			);
			currentVersion = 08A233821C574C9B00C197B0 /* ExchangeAGram.xcdatamodel */;
			path = ExchangeAGram.xcdatamodeld;
			sourceTree = "<group>";
			versionGroupType = wrapper.xcdatamodel;
		};
/* End XCVersionGroup section */
	};
	rootObject = 08A2336F1C574C9B00C197B0 /* Project object */;
}
